// !$*UTF8*$!
{
	archiveVersion = 1;
	classes = {
	};
	objectVersion = 50;
	objects = {

/* Begin PBXBuildFile section */
		80B73C44239B9C2A00FEAC2A /* SYLogManager.m in Sources */ = {isa = PBXBuildFile; fileRef = 80B73C39239B9C2A00FEAC2A /* SYLogManager.m */; };
		80B73C45239B9C2A00FEAC2A /* SYLogPopoverView.m in Sources */ = {isa = PBXBuildFile; fileRef = 80B73C3C239B9C2A00FEAC2A /* SYLogPopoverView.m */; };
		80B73C46239B9C2A00FEAC2A /* NSObject+SYLogCategory.m in Sources */ = {isa = PBXBuildFile; fileRef = 80B73C3D239B9C2A00FEAC2A /* NSObject+SYLogCategory.m */; };
		80B73C47239B9C2A00FEAC2A /* SYLogSQLite.m in Sources */ = {isa = PBXBuildFile; fileRef = 80B73C3E239B9C2A00FEAC2A /* SYLogSQLite.m */; };
		80B73C48239B9C2A00FEAC2A /* NSArray+SYLogCategory.m in Sources */ = {isa = PBXBuildFile; fileRef = 80B73C3F239B9C2A00FEAC2A /* NSArray+SYLogCategory.m */; };
		80B73C49239B9C2A00FEAC2A /* NSDictionary+SYLogCategory.m in Sources */ = {isa = PBXBuildFile; fileRef = 80B73C40239B9C2A00FEAC2A /* NSDictionary+SYLogCategory.m */; };
		80B73C4A239B9C2A00FEAC2A /* SYLogFile.m in Sources */ = {isa = PBXBuildFile; fileRef = 80B73C42239B9C2A00FEAC2A /* SYLogFile.m */; };
		80B73C4B239B9C2A00FEAC2A /* SYLogView.m in Sources */ = {isa = PBXBuildFile; fileRef = 80B73C43239B9C2A00FEAC2A /* SYLogView.m */; };
		80B73C4E239B9EE300FEAC2A /* UIKit.framework in Frameworks */ = {isa = PBXBuildFile; fileRef = 80B73C4D239B9EE300FEAC2A /* UIKit.framework */; };
		80B73C50239B9EEA00FEAC2A /* Foundation.framework in Frameworks */ = {isa = PBXBuildFile; fileRef = 80B73C4F239B9EEA00FEAC2A /* Foundation.framework */; };
		80B73C52239B9EF000FEAC2A /* libsqlite3.tbd in Frameworks */ = {isa = PBXBuildFile; fileRef = 80B73C51239B9EF000FEAC2A /* libsqlite3.tbd */; };
		A76CC3022266DEC100FD0A0F /* Person.m in Sources */ = {isa = PBXBuildFile; fileRef = A76CC3012266DEC100FD0A0F /* Person.m */; };
		A7BD85AB21709D2600C54BDB /* AppDelegate.m in Sources */ = {isa = PBXBuildFile; fileRef = A7BD85AA21709D2600C54BDB /* AppDelegate.m */; };
		A7BD85AE21709D2600C54BDB /* ViewController.m in Sources */ = {isa = PBXBuildFile; fileRef = A7BD85AD21709D2600C54BDB /* ViewController.m */; };
		A7BD85B121709D2600C54BDB /* Main.storyboard in Resources */ = {isa = PBXBuildFile; fileRef = A7BD85AF21709D2600C54BDB /* Main.storyboard */; };
		A7BD85B321709D2800C54BDB /* Assets.xcassets in Resources */ = {isa = PBXBuildFile; fileRef = A7BD85B221709D2800C54BDB /* Assets.xcassets */; };
		A7BD85B621709D2800C54BDB /* LaunchScreen.storyboard in Resources */ = {isa = PBXBuildFile; fileRef = A7BD85B421709D2800C54BDB /* LaunchScreen.storyboard */; };
		A7BD85B921709D2800C54BDB /* main.m in Sources */ = {isa = PBXBuildFile; fileRef = A7BD85B821709D2800C54BDB /* main.m */; };
		A7BD85C321709D2800C54BDB /* DemoLogTests.m in Sources */ = {isa = PBXBuildFile; fileRef = A7BD85C221709D2800C54BDB /* DemoLogTests.m */; };
		A7BD85CE21709D2800C54BDB /* DemoLogUITests.m in Sources */ = {isa = PBXBuildFile; fileRef = A7BD85CD21709D2800C54BDB /* DemoLogUITests.m */; };
/* End PBXBuildFile section */

/* Begin PBXContainerItemProxy section */
		A7BD85BF21709D2800C54BDB /* PBXContainerItemProxy */ = {
			isa = PBXContainerItemProxy;
			containerPortal = A7BD859E21709D2600C54BDB /* Project object */;
			proxyType = 1;
			remoteGlobalIDString = A7BD85A521709D2600C54BDB;
			remoteInfo = DemoLog;
		};
		A7BD85CA21709D2800C54BDB /* PBXContainerItemProxy */ = {
			isa = PBXContainerItemProxy;
			containerPortal = A7BD859E21709D2600C54BDB /* Project object */;
			proxyType = 1;
			remoteGlobalIDString = A7BD85A521709D2600C54BDB;
			remoteInfo = DemoLog;
		};
/* End PBXContainerItemProxy section */

/* Begin PBXFileReference section */
		80B73C34239B9C2A00FEAC2A /* SYLogPopoverView.h */ = {isa = PBXFileReference; fileEncoding = 4; lastKnownFileType = sourcecode.c.h; path = SYLogPopoverView.h; sourceTree = "<group>"; };
		80B73C35239B9C2A00FEAC2A /* NSArray+SYLogCategory.h */ = {isa = PBXFileReference; fileEncoding = 4; lastKnownFileType = sourcecode.c.h; path = "NSArray+SYLogCategory.h"; sourceTree = "<group>"; };
		80B73C36239B9C2A00FEAC2A /* SYLogSQLite.h */ = {isa = PBXFileReference; fileEncoding = 4; lastKnownFileType = sourcecode.c.h; path = SYLogSQLite.h; sourceTree = "<group>"; };
		80B73C37239B9C2A00FEAC2A /* NSObject+SYLogCategory.h */ = {isa = PBXFileReference; fileEncoding = 4; lastKnownFileType = sourcecode.c.h; path = "NSObject+SYLogCategory.h"; sourceTree = "<group>"; };
		80B73C38239B9C2A00FEAC2A /* SYLogFile.h */ = {isa = PBXFileReference; fileEncoding = 4; lastKnownFileType = sourcecode.c.h; path = SYLogFile.h; sourceTree = "<group>"; };
		80B73C39239B9C2A00FEAC2A /* SYLogManager.m */ = {isa = PBXFileReference; fileEncoding = 4; lastKnownFileType = sourcecode.c.objc; path = SYLogManager.m; sourceTree = "<group>"; };
		80B73C3A239B9C2A00FEAC2A /* NSDictionary+SYLogCategory.h */ = {isa = PBXFileReference; fileEncoding = 4; lastKnownFileType = sourcecode.c.h; path = "NSDictionary+SYLogCategory.h"; sourceTree = "<group>"; };
		80B73C3B239B9C2A00FEAC2A /* SYLogView.h */ = {isa = PBXFileReference; fileEncoding = 4; lastKnownFileType = sourcecode.c.h; path = SYLogView.h; sourceTree = "<group>"; };
		80B73C3C239B9C2A00FEAC2A /* SYLogPopoverView.m */ = {isa = PBXFileReference; fileEncoding = 4; lastKnownFileType = sourcecode.c.objc; path = SYLogPopoverView.m; sourceTree = "<group>"; };
		80B73C3D239B9C2A00FEAC2A /* NSObject+SYLogCategory.m */ = {isa = PBXFileReference; fileEncoding = 4; lastKnownFileType = sourcecode.c.objc; path = "NSObject+SYLogCategory.m"; sourceTree = "<group>"; };
		80B73C3E239B9C2A00FEAC2A /* SYLogSQLite.m */ = {isa = PBXFileReference; fileEncoding = 4; lastKnownFileType = sourcecode.c.objc; path = SYLogSQLite.m; sourceTree = "<group>"; };
		80B73C3F239B9C2A00FEAC2A /* NSArray+SYLogCategory.m */ = {isa = PBXFileReference; fileEncoding = 4; lastKnownFileType = sourcecode.c.objc; path = "NSArray+SYLogCategory.m"; sourceTree = "<group>"; };
		80B73C40239B9C2A00FEAC2A /* NSDictionary+SYLogCategory.m */ = {isa = PBXFileReference; fileEncoding = 4; lastKnownFileType = sourcecode.c.objc; path = "NSDictionary+SYLogCategory.m"; sourceTree = "<group>"; };
		80B73C41239B9C2A00FEAC2A /* SYLogManager.h */ = {isa = PBXFileReference; fileEncoding = 4; lastKnownFileType = sourcecode.c.h; path = SYLogManager.h; sourceTree = "<group>"; };
		80B73C42239B9C2A00FEAC2A /* SYLogFile.m */ = {isa = PBXFileReference; fileEncoding = 4; lastKnownFileType = sourcecode.c.objc; path = SYLogFile.m; sourceTree = "<group>"; };
		80B73C43239B9C2A00FEAC2A /* SYLogView.m */ = {isa = PBXFileReference; fileEncoding = 4; lastKnownFileType = sourcecode.c.objc; path = SYLogView.m; sourceTree = "<group>"; };
		80B73C4D239B9EE300FEAC2A /* UIKit.framework */ = {isa = PBXFileReference; lastKnownFileType = wrapper.framework; name = UIKit.framework; path = System/Library/Frameworks/UIKit.framework; sourceTree = SDKROOT; };
		80B73C4F239B9EEA00FEAC2A /* Foundation.framework */ = {isa = PBXFileReference; lastKnownFileType = wrapper.framework; name = Foundation.framework; path = System/Library/Frameworks/Foundation.framework; sourceTree = SDKROOT; };
		80B73C51239B9EF000FEAC2A /* libsqlite3.tbd */ = {isa = PBXFileReference; lastKnownFileType = "sourcecode.text-based-dylib-definition"; name = libsqlite3.tbd; path = usr/lib/libsqlite3.tbd; sourceTree = SDKROOT; };
		A76CC3002266DEC100FD0A0F /* Person.h */ = {isa = PBXFileReference; lastKnownFileType = sourcecode.c.h; path = Person.h; sourceTree = "<group>"; };
		A76CC3012266DEC100FD0A0F /* Person.m */ = {isa = PBXFileReference; lastKnownFileType = sourcecode.c.objc; path = Person.m; sourceTree = "<group>"; };
		A7BD85A621709D2600C54BDB /* DemoLog.app */ = {isa = PBXFileReference; explicitFileType = wrapper.application; includeInIndex = 0; path = DemoLog.app; sourceTree = BUILT_PRODUCTS_DIR; };
		A7BD85A921709D2600C54BDB /* AppDelegate.h */ = {isa = PBXFileReference; lastKnownFileType = sourcecode.c.h; path = AppDelegate.h; sourceTree = "<group>"; };
		A7BD85AA21709D2600C54BDB /* AppDelegate.m */ = {isa = PBXFileReference; lastKnownFileType = sourcecode.c.objc; path = AppDelegate.m; sourceTree = "<group>"; };
		A7BD85AC21709D2600C54BDB /* ViewController.h */ = {isa = PBXFileReference; lastKnownFileType = sourcecode.c.h; path = ViewController.h; sourceTree = "<group>"; };
		A7BD85AD21709D2600C54BDB /* ViewController.m */ = {isa = PBXFileReference; lastKnownFileType = sourcecode.c.objc; path = ViewController.m; sourceTree = "<group>"; };
		A7BD85B021709D2600C54BDB /* Base */ = {isa = PBXFileReference; lastKnownFileType = file.storyboard; name = Base; path = Base.lproj/Main.storyboard; sourceTree = "<group>"; };
		A7BD85B221709D2800C54BDB /* Assets.xcassets */ = {isa = PBXFileReference; lastKnownFileType = folder.assetcatalog; path = Assets.xcassets; sourceTree = "<group>"; };
		A7BD85B521709D2800C54BDB /* Base */ = {isa = PBXFileReference; lastKnownFileType = file.storyboard; name = Base; path = Base.lproj/LaunchScreen.storyboard; sourceTree = "<group>"; };
		A7BD85B721709D2800C54BDB /* Info.plist */ = {isa = PBXFileReference; lastKnownFileType = text.plist.xml; path = Info.plist; sourceTree = "<group>"; };
		A7BD85B821709D2800C54BDB /* main.m */ = {isa = PBXFileReference; lastKnownFileType = sourcecode.c.objc; path = main.m; sourceTree = "<group>"; };
		A7BD85BE21709D2800C54BDB /* DemoLogTests.xctest */ = {isa = PBXFileReference; explicitFileType = wrapper.cfbundle; includeInIndex = 0; path = DemoLogTests.xctest; sourceTree = BUILT_PRODUCTS_DIR; };
		A7BD85C221709D2800C54BDB /* DemoLogTests.m */ = {isa = PBXFileReference; lastKnownFileType = sourcecode.c.objc; path = DemoLogTests.m; sourceTree = "<group>"; };
		A7BD85C421709D2800C54BDB /* Info.plist */ = {isa = PBXFileReference; lastKnownFileType = text.plist.xml; path = Info.plist; sourceTree = "<group>"; };
		A7BD85C921709D2800C54BDB /* DemoLogUITests.xctest */ = {isa = PBXFileReference; explicitFileType = wrapper.cfbundle; includeInIndex = 0; path = DemoLogUITests.xctest; sourceTree = BUILT_PRODUCTS_DIR; };
		A7BD85CD21709D2800C54BDB /* DemoLogUITests.m */ = {isa = PBXFileReference; lastKnownFileType = sourcecode.c.objc; path = DemoLogUITests.m; sourceTree = "<group>"; };
		A7BD85CF21709D2800C54BDB /* Info.plist */ = {isa = PBXFileReference; lastKnownFileType = text.plist.xml; path = Info.plist; sourceTree = "<group>"; };
/* End PBXFileReference section */

/* Begin PBXFrameworksBuildPhase section */
		A7BD85A321709D2600C54BDB /* Frameworks */ = {
			isa = PBXFrameworksBuildPhase;
			buildActionMask = 2147483647;
			files = (
				80B73C52239B9EF000FEAC2A /* libsqlite3.tbd in Frameworks */,
				80B73C50239B9EEA00FEAC2A /* Foundation.framework in Frameworks */,
				80B73C4E239B9EE300FEAC2A /* UIKit.framework in Frameworks */,
			);
			runOnlyForDeploymentPostprocessing = 0;
		};
		A7BD85BB21709D2800C54BDB /* Frameworks */ = {
			isa = PBXFrameworksBuildPhase;
			buildActionMask = 2147483647;
			files = (
			);
			runOnlyForDeploymentPostprocessing = 0;
		};
		A7BD85C621709D2800C54BDB /* Frameworks */ = {
			isa = PBXFrameworksBuildPhase;
			buildActionMask = 2147483647;
			files = (
			);
			runOnlyForDeploymentPostprocessing = 0;
		};
/* End PBXFrameworksBuildPhase section */

/* Begin PBXGroup section */
		80B73C33239B9C2A00FEAC2A /* SYLogManager */ = {
			isa = PBXGroup;
			children = (
				80B73C34239B9C2A00FEAC2A /* SYLogPopoverView.h */,
				80B73C35239B9C2A00FEAC2A /* NSArray+SYLogCategory.h */,
				80B73C36239B9C2A00FEAC2A /* SYLogSQLite.h */,
				80B73C37239B9C2A00FEAC2A /* NSObject+SYLogCategory.h */,
				80B73C38239B9C2A00FEAC2A /* SYLogFile.h */,
				80B73C39239B9C2A00FEAC2A /* SYLogManager.m */,
				80B73C3A239B9C2A00FEAC2A /* NSDictionary+SYLogCategory.h */,
				80B73C3B239B9C2A00FEAC2A /* SYLogView.h */,
				80B73C3C239B9C2A00FEAC2A /* SYLogPopoverView.m */,
				80B73C3D239B9C2A00FEAC2A /* NSObject+SYLogCategory.m */,
				80B73C3E239B9C2A00FEAC2A /* SYLogSQLite.m */,
				80B73C3F239B9C2A00FEAC2A /* NSArray+SYLogCategory.m */,
				80B73C40239B9C2A00FEAC2A /* NSDictionary+SYLogCategory.m */,
				80B73C41239B9C2A00FEAC2A /* SYLogManager.h */,
				80B73C42239B9C2A00FEAC2A /* SYLogFile.m */,
				80B73C43239B9C2A00FEAC2A /* SYLogView.m */,
			);
			name = SYLogManager;
			path = ../../SYLogManager;
			sourceTree = "<group>";
		};
		80B73C4C239B9EE300FEAC2A /* Frameworks */ = {
			isa = PBXGroup;
			children = (
				80B73C51239B9EF000FEAC2A /* libsqlite3.tbd */,
				80B73C4F239B9EEA00FEAC2A /* Foundation.framework */,
				80B73C4D239B9EE300FEAC2A /* UIKit.framework */,
			);
			name = Frameworks;
			sourceTree = "<group>";
		};
		A7BD859D21709D2600C54BDB = {
			isa = PBXGroup;
			children = (
				A7BD85A821709D2600C54BDB /* DemoLog */,
				A7BD85C121709D2800C54BDB /* DemoLogTests */,
				A7BD85CC21709D2800C54BDB /* DemoLogUITests */,
				A7BD85A721709D2600C54BDB /* Products */,
				80B73C4C239B9EE300FEAC2A /* Frameworks */,
			);
			sourceTree = "<group>";
		};
		A7BD85A721709D2600C54BDB /* Products */ = {
			isa = PBXGroup;
			children = (
				A7BD85A621709D2600C54BDB /* DemoLog.app */,
				A7BD85BE21709D2800C54BDB /* DemoLogTests.xctest */,
				A7BD85C921709D2800C54BDB /* DemoLogUITests.xctest */,
			);
			name = Products;
			sourceTree = "<group>";
		};
		A7BD85A821709D2600C54BDB /* DemoLog */ = {
			isa = PBXGroup;
			children = (
				A7BD85A921709D2600C54BDB /* AppDelegate.h */,
				A7BD85AA21709D2600C54BDB /* AppDelegate.m */,
				A7BD85AC21709D2600C54BDB /* ViewController.h */,
				A7BD85AD21709D2600C54BDB /* ViewController.m */,
				A76CC3002266DEC100FD0A0F /* Person.h */,
				A76CC3012266DEC100FD0A0F /* Person.m */,
				80B73C33239B9C2A00FEAC2A /* SYLogManager */,
				A7BD85DB21709D3600C54BDB /* Supporting Files */,
			);
			path = DemoLog;
			sourceTree = "<group>";
		};
		A7BD85C121709D2800C54BDB /* DemoLogTests */ = {
			isa = PBXGroup;
			children = (
				A7BD85C221709D2800C54BDB /* DemoLogTests.m */,
				A7BD85C421709D2800C54BDB /* Info.plist */,
			);
			path = DemoLogTests;
			sourceTree = "<group>";
		};
		A7BD85CC21709D2800C54BDB /* DemoLogUITests */ = {
			isa = PBXGroup;
			children = (
				A7BD85CD21709D2800C54BDB /* DemoLogUITests.m */,
				A7BD85CF21709D2800C54BDB /* Info.plist */,
			);
			path = DemoLogUITests;
			sourceTree = "<group>";
		};
		A7BD85DB21709D3600C54BDB /* Supporting Files */ = {
			isa = PBXGroup;
			children = (
				A7BD85AF21709D2600C54BDB /* Main.storyboard */,
				A7BD85B221709D2800C54BDB /* Assets.xcassets */,
				A7BD85B421709D2800C54BDB /* LaunchScreen.storyboard */,
				A7BD85B721709D2800C54BDB /* Info.plist */,
				A7BD85B821709D2800C54BDB /* main.m */,
			);
			path = "Supporting Files";
			sourceTree = "<group>";
		};
/* End PBXGroup section */

/* Begin PBXNativeTarget section */
		A7BD85A521709D2600C54BDB /* DemoLog */ = {
			isa = PBXNativeTarget;
			buildConfigurationList = A7BD85D221709D2800C54BDB /* Build configuration list for PBXNativeTarget "DemoLog" */;
			buildPhases = (
				A7BD85A221709D2600C54BDB /* Sources */,
				A7BD85A321709D2600C54BDB /* Frameworks */,
				A7BD85A421709D2600C54BDB /* Resources */,
			);
			buildRules = (
			);
			dependencies = (
			);
			name = DemoLog;
			productName = DemoLog;
			productReference = A7BD85A621709D2600C54BDB /* DemoLog.app */;
			productType = "com.apple.product-type.application";
		};
		A7BD85BD21709D2800C54BDB /* DemoLogTests */ = {
			isa = PBXNativeTarget;
			buildConfigurationList = A7BD85D521709D2800C54BDB /* Build configuration list for PBXNativeTarget "DemoLogTests" */;
			buildPhases = (
				A7BD85BA21709D2800C54BDB /* Sources */,
				A7BD85BB21709D2800C54BDB /* Frameworks */,
				A7BD85BC21709D2800C54BDB /* Resources */,
			);
			buildRules = (
			);
			dependencies = (
				A7BD85C021709D2800C54BDB /* PBXTargetDependency */,
			);
			name = DemoLogTests;
			productName = DemoLogTests;
			productReference = A7BD85BE21709D2800C54BDB /* DemoLogTests.xctest */;
			productType = "com.apple.product-type.bundle.unit-test";
		};
		A7BD85C821709D2800C54BDB /* DemoLogUITests */ = {
			isa = PBXNativeTarget;
			buildConfigurationList = A7BD85D821709D2800C54BDB /* Build configuration list for PBXNativeTarget "DemoLogUITests" */;
			buildPhases = (
				A7BD85C521709D2800C54BDB /* Sources */,
				A7BD85C621709D2800C54BDB /* Frameworks */,
				A7BD85C721709D2800C54BDB /* Resources */,
			);
			buildRules = (
			);
			dependencies = (
				A7BD85CB21709D2800C54BDB /* PBXTargetDependency */,
			);
			name = DemoLogUITests;
			productName = DemoLogUITests;
			productReference = A7BD85C921709D2800C54BDB /* DemoLogUITests.xctest */;
			productType = "com.apple.product-type.bundle.ui-testing";
		};
/* End PBXNativeTarget section */

/* Begin PBXProject section */
		A7BD859E21709D2600C54BDB /* Project object */ = {
			isa = PBXProject;
			attributes = {
				LastUpgradeCheck = 1000;
				ORGANIZATIONNAME = zhangshaoyu;
				TargetAttributes = {
					A7BD85A521709D2600C54BDB = {
						CreatedOnToolsVersion = 10.0;
					};
					A7BD85BD21709D2800C54BDB = {
						CreatedOnToolsVersion = 10.0;
						TestTargetID = A7BD85A521709D2600C54BDB;
					};
					A7BD85C821709D2800C54BDB = {
						CreatedOnToolsVersion = 10.0;
						TestTargetID = A7BD85A521709D2600C54BDB;
					};
				};
			};
			buildConfigurationList = A7BD85A121709D2600C54BDB /* Build configuration list for PBXProject "DemoLog" */;
			compatibilityVersion = "Xcode 9.3";
			developmentRegion = en;
			hasScannedForEncodings = 0;
			knownRegions = (
				en,
				Base,
			);
			mainGroup = A7BD859D21709D2600C54BDB;
			productRefGroup = A7BD85A721709D2600C54BDB /* Products */;
			projectDirPath = "";
			projectRoot = "";
			targets = (
				A7BD85A521709D2600C54BDB /* DemoLog */,
				A7BD85BD21709D2800C54BDB /* DemoLogTests */,
				A7BD85C821709D2800C54BDB /* DemoLogUITests */,
			);
		};
/* End PBXProject section */

/* Begin PBXResourcesBuildPhase section */
		A7BD85A421709D2600C54BDB /* Resources */ = {
			isa = PBXResourcesBuildPhase;
			buildActionMask = 2147483647;
			files = (
				A7BD85B621709D2800C54BDB /* LaunchScreen.storyboard in Resources */,
				A7BD85B321709D2800C54BDB /* Assets.xcassets in Resources */,
				A7BD85B121709D2600C54BDB /* Main.storyboard in Resources */,
			);
			runOnlyForDeploymentPostprocessing = 0;
		};
		A7BD85BC21709D2800C54BDB /* Resources */ = {
			isa = PBXResourcesBuildPhase;
			buildActionMask = 2147483647;
			files = (
			);
			runOnlyForDeploymentPostprocessing = 0;
		};
		A7BD85C721709D2800C54BDB /* Resources */ = {
			isa = PBXResourcesBuildPhase;
			buildActionMask = 2147483647;
			files = (
			);
			runOnlyForDeploymentPostprocessing = 0;
		};
/* End PBXResourcesBuildPhase section */

/* Begin PBXSourcesBuildPhase section */
		A7BD85A221709D2600C54BDB /* Sources */ = {
			isa = PBXSourcesBuildPhase;
			buildActionMask = 2147483647;
			files = (
				80B73C47239B9C2A00FEAC2A /* SYLogSQLite.m in Sources */,
				80B73C48239B9C2A00FEAC2A /* NSArray+SYLogCategory.m in Sources */,
				A7BD85AE21709D2600C54BDB /* ViewController.m in Sources */,
				80B73C45239B9C2A00FEAC2A /* SYLogPopoverView.m in Sources */,
				A76CC3022266DEC100FD0A0F /* Person.m in Sources */,
				80B73C4A239B9C2A00FEAC2A /* SYLogFile.m in Sources */,
				80B73C49239B9C2A00FEAC2A /* NSDictionary+SYLogCategory.m in Sources */,
				80B73C46239B9C2A00FEAC2A /* NSObject+SYLogCategory.m in Sources */,
				A7BD85B921709D2800C54BDB /* main.m in Sources */,
				80B73C44239B9C2A00FEAC2A /* SYLogManager.m in Sources */,
				A7BD85AB21709D2600C54BDB /* AppDelegate.m in Sources */,
				80B73C4B239B9C2A00FEAC2A /* SYLogView.m in Sources */,
			);
			runOnlyForDeploymentPostprocessing = 0;
		};
		A7BD85BA21709D2800C54BDB /* Sources */ = {
			isa = PBXSourcesBuildPhase;
			buildActionMask = 2147483647;
			files = (
				A7BD85C321709D2800C54BDB /* DemoLogTests.m in Sources */,
			);
			runOnlyForDeploymentPostprocessing = 0;
		};
		A7BD85C521709D2800C54BDB /* Sources */ = {
			isa = PBXSourcesBuildPhase;
			buildActionMask = 2147483647;
			files = (
				A7BD85CE21709D2800C54BDB /* DemoLogUITests.m in Sources */,
			);
			runOnlyForDeploymentPostprocessing = 0;
		};
/* End PBXSourcesBuildPhase section */

/* Begin PBXTargetDependency section */
		A7BD85C021709D2800C54BDB /* PBXTargetDependency */ = {
			isa = PBXTargetDependency;
			target = A7BD85A521709D2600C54BDB /* DemoLog */;
			targetProxy = A7BD85BF21709D2800C54BDB /* PBXContainerItemProxy */;
		};
		A7BD85CB21709D2800C54BDB /* PBXTargetDependency */ = {
			isa = PBXTargetDependency;
			target = A7BD85A521709D2600C54BDB /* DemoLog */;
			targetProxy = A7BD85CA21709D2800C54BDB /* PBXContainerItemProxy */;
		};
/* End PBXTargetDependency section */

/* Begin PBXVariantGroup section */
		A7BD85AF21709D2600C54BDB /* Main.storyboard */ = {
			isa = PBXVariantGroup;
			children = (
				A7BD85B021709D2600C54BDB /* Base */,
			);
			name = Main.storyboard;
			sourceTree = "<group>";
		};
		A7BD85B421709D2800C54BDB /* LaunchScreen.storyboard */ = {
			isa = PBXVariantGroup;
			children = (
				A7BD85B521709D2800C54BDB /* Base */,
			);
			name = LaunchScreen.storyboard;
			sourceTree = "<group>";
		};
/* End PBXVariantGroup section */

/* Begin XCBuildConfiguration section */
		A7BD85D021709D2800C54BDB /* Debug */ = {
			isa = XCBuildConfiguration;
			buildSettings = {
				ALWAYS_SEARCH_USER_PATHS = NO;
				CLANG_ANALYZER_NONNULL = YES;
				CLANG_ANALYZER_NUMBER_OBJECT_CONVERSION = YES_AGGRESSIVE;
				CLANG_CXX_LANGUAGE_STANDARD = "gnu++14";
				CLANG_CXX_LIBRARY = "libc++";
				CLANG_ENABLE_MODULES = YES;
				CLANG_ENABLE_OBJC_ARC = YES;
				CLANG_ENABLE_OBJC_WEAK = YES;
				CLANG_WARN_BLOCK_CAPTURE_AUTORELEASING = YES;
				CLANG_WARN_BOOL_CONVERSION = YES;
				CLANG_WARN_COMMA = YES;
				CLANG_WARN_CONSTANT_CONVERSION = YES;
				CLANG_WARN_DEPRECATED_OBJC_IMPLEMENTATIONS = YES;
				CLANG_WARN_DIRECT_OBJC_ISA_USAGE = YES_ERROR;
				CLANG_WARN_DOCUMENTATION_COMMENTS = YES;
				CLANG_WARN_EMPTY_BODY = YES;
				CLANG_WARN_ENUM_CONVERSION = YES;
				CLANG_WARN_INFINITE_RECURSION = YES;
				CLANG_WARN_INT_CONVERSION = YES;
				CLANG_WARN_NON_LITERAL_NULL_CONVERSION = YES;
				CLANG_WARN_OBJC_IMPLICIT_RETAIN_SELF = YES;
				CLANG_WARN_OBJC_LITERAL_CONVERSION = YES;
				CLANG_WARN_OBJC_ROOT_CLASS = YES_ERROR;
				CLANG_WARN_RANGE_LOOP_ANALYSIS = YES;
				CLANG_WARN_STRICT_PROTOTYPES = YES;
				CLANG_WARN_SUSPICIOUS_MOVE = YES;
				CLANG_WARN_UNGUARDED_AVAILABILITY = YES_AGGRESSIVE;
				CLANG_WARN_UNREACHABLE_CODE = YES;
				CLANG_WARN__DUPLICATE_METHOD_MATCH = YES;
				CODE_SIGN_IDENTITY = "iPhone Developer";
				COPY_PHASE_STRIP = NO;
				DEBUG_INFORMATION_FORMAT = dwarf;
				ENABLE_STRICT_OBJC_MSGSEND = YES;
				ENABLE_TESTABILITY = YES;
				GCC_C_LANGUAGE_STANDARD = gnu11;
				GCC_DYNAMIC_NO_PIC = NO;
				GCC_NO_COMMON_BLOCKS = YES;
				GCC_OPTIMIZATION_LEVEL = 0;
				GCC_PREPROCESSOR_DEFINITIONS = (
					"DEBUG=1",
					"$(inherited)",
				);
				GCC_WARN_64_TO_32_BIT_CONVERSION = YES;
				GCC_WARN_ABOUT_RETURN_TYPE = YES_ERROR;
				GCC_WARN_UNDECLARED_SELECTOR = YES;
				GCC_WARN_UNINITIALIZED_AUTOS = YES_AGGRESSIVE;
				GCC_WARN_UNUSED_FUNCTION = YES;
				GCC_WARN_UNUSED_VARIABLE = YES;
				IPHONEOS_DEPLOYMENT_TARGET = 8.0;
				MTL_ENABLE_DEBUG_INFO = INCLUDE_SOURCE;
				MTL_FAST_MATH = YES;
				ONLY_ACTIVE_ARCH = YES;
				SDKROOT = iphoneos;
			};
			name = Debug;
		};
		A7BD85D121709D2800C54BDB /* Release */ = {
			isa = XCBuildConfiguration;
			buildSettings = {
				ALWAYS_SEARCH_USER_PATHS = NO;
				CLANG_ANALYZER_NONNULL = YES;
				CLANG_ANALYZER_NUMBER_OBJECT_CONVERSION = YES_AGGRESSIVE;
				CLANG_CXX_LANGUAGE_STANDARD = "gnu++14";
				CLANG_CXX_LIBRARY = "libc++";
				CLANG_ENABLE_MODULES = YES;
				CLANG_ENABLE_OBJC_ARC = YES;
				CLANG_ENABLE_OBJC_WEAK = YES;
				CLANG_WARN_BLOCK_CAPTURE_AUTORELEASING = YES;
				CLANG_WARN_BOOL_CONVERSION = YES;
				CLANG_WARN_COMMA = YES;
				CLANG_WARN_CONSTANT_CONVERSION = YES;
				CLANG_WARN_DEPRECATED_OBJC_IMPLEMENTATIONS = YES;
				CLANG_WARN_DIRECT_OBJC_ISA_USAGE = YES_ERROR;
				CLANG_WARN_DOCUMENTATION_COMMENTS = YES;
				CLANG_WARN_EMPTY_BODY = YES;
				CLANG_WARN_ENUM_CONVERSION = YES;
				CLANG_WARN_INFINITE_RECURSION = YES;
				CLANG_WARN_INT_CONVERSION = YES;
				CLANG_WARN_NON_LITERAL_NULL_CONVERSION = YES;
				CLANG_WARN_OBJC_IMPLICIT_RETAIN_SELF = YES;
				CLANG_WARN_OBJC_LITERAL_CONVERSION = YES;
				CLANG_WARN_OBJC_ROOT_CLASS = YES_ERROR;
				CLANG_WARN_RANGE_LOOP_ANALYSIS = YES;
				CLANG_WARN_STRICT_PROTOTYPES = YES;
				CLANG_WARN_SUSPICIOUS_MOVE = YES;
				CLANG_WARN_UNGUARDED_AVAILABILITY = YES_AGGRESSIVE;
				CLANG_WARN_UNREACHABLE_CODE = YES;
				CLANG_WARN__DUPLICATE_METHOD_MATCH = YES;
				CODE_SIGN_IDENTITY = "iPhone Developer";
				COPY_PHASE_STRIP = NO;
				DEBUG_INFORMATION_FORMAT = "dwarf-with-dsym";
				ENABLE_NS_ASSERTIONS = NO;
				ENABLE_STRICT_OBJC_MSGSEND = YES;
				GCC_C_LANGUAGE_STANDARD = gnu11;
				GCC_NO_COMMON_BLOCKS = YES;
				GCC_WARN_64_TO_32_BIT_CONVERSION = YES;
				GCC_WARN_ABOUT_RETURN_TYPE = YES_ERROR;
				GCC_WARN_UNDECLARED_SELECTOR = YES;
				GCC_WARN_UNINITIALIZED_AUTOS = YES_AGGRESSIVE;
				GCC_WARN_UNUSED_FUNCTION = YES;
				GCC_WARN_UNUSED_VARIABLE = YES;
				IPHONEOS_DEPLOYMENT_TARGET = 8.0;
				MTL_ENABLE_DEBUG_INFO = NO;
				MTL_FAST_MATH = YES;
				SDKROOT = iphoneos;
				VALIDATE_PRODUCT = YES;
			};
			name = Release;
		};
		A7BD85D321709D2800C54BDB /* Debug */ = {
			isa = XCBuildConfiguration;
			buildSettings = {
				ASSETCATALOG_COMPILER_APPICON_NAME = AppIcon;
				CODE_SIGN_STYLE = Manual;
				DEVELOPMENT_TEAM = 9YWJ3PZHZG;
				INFOPLIST_FILE = "$(SRCROOT)/DemoLog/Supporting Files/Info.plist";
				LD_RUNPATH_SEARCH_PATHS = (
					"$(inherited)",
					"@executable_path/Frameworks",
				);
				PRODUCT_BUNDLE_IDENTIFIER = com.byd.common;
				PRODUCT_NAME = "$(TARGET_NAME)";
				PROVISIONING_PROFILE_SPECIFIER = DevelopmentProfileWildcard;
				TARGETED_DEVICE_FAMILY = "1,2";
			};
			name = Debug;
		};
		A7BD85D421709D2800C54BDB /* Release */ = {
			isa = XCBuildConfiguration;
			buildSettings = {
				ASSETCATALOG_COMPILER_APPICON_NAME = AppIcon;
				CODE_SIGN_STYLE = Manual;
				DEVELOPMENT_TEAM = 9YWJ3PZHZG;
				INFOPLIST_FILE = "$(SRCROOT)/DemoLog/Supporting Files/Info.plist";
				LD_RUNPATH_SEARCH_PATHS = (
					"$(inherited)",
					"@executable_path/Frameworks",
				);
				PRODUCT_BUNDLE_IDENTIFIER = com.byd.common;
				PRODUCT_NAME = "$(TARGET_NAME)";
				PROVISIONING_PROFILE_SPECIFIER = DevelopmentProfileWildcard;
				TARGETED_DEVICE_FAMILY = "1,2";
			};
			name = Release;
		};
		A7BD85D621709D2800C54BDB /* Debug */ = {
			isa = XCBuildConfiguration;
			buildSettings = {
				BUNDLE_LOADER = "$(TEST_HOST)";
				CODE_SIGN_STYLE = Automatic;
				INFOPLIST_FILE = DemoLogTests/Info.plist;
				LD_RUNPATH_SEARCH_PATHS = (
					"$(inherited)",
					"@executable_path/Frameworks",
					"@loader_path/Frameworks",
				);
				PRODUCT_BUNDLE_IDENTIFIER = com.byd.DemoLogTests;
				PRODUCT_NAME = "$(TARGET_NAME)";
				TARGETED_DEVICE_FAMILY = "1,2";
				TEST_HOST = "$(BUILT_PRODUCTS_DIR)/DemoLog.app/DemoLog";
			};
			name = Debug;
		};
		A7BD85D721709D2800C54BDB /* Release */ = {
			isa = XCBuildConfiguration;
			buildSettings = {
				BUNDLE_LOADER = "$(TEST_HOST)";
				CODE_SIGN_STYLE = Automatic;
				INFOPLIST_FILE = DemoLogTests/Info.plist;
				LD_RUNPATH_SEARCH_PATHS = (
					"$(inherited)",
					"@executable_path/Frameworks",
					"@loader_path/Frameworks",
				);
				PRODUCT_BUNDLE_IDENTIFIER = com.byd.DemoLogTests;
				PRODUCT_NAME = "$(TARGET_NAME)";
				TARGETED_DEVICE_FAMILY = "1,2";
				TEST_HOST = "$(BUILT_PRODUCTS_DIR)/DemoLog.app/DemoLog";
			};
			name = Release;
		};
		A7BD85D921709D2800C54BDB /* Debug */ = {
			isa = XCBuildConfiguration;
			buildSettings = {
				CODE_SIGN_STYLE = Automatic;
				INFOPLIST_FILE = DemoLogUITests/Info.plist;
				LD_RUNPATH_SEARCH_PATHS = (
					"$(inherited)",
					"@executable_path/Frameworks",
					"@loader_path/Frameworks",
				);
				PRODUCT_BUNDLE_IDENTIFIER = com.byd.DemoLogUITests;
				PRODUCT_NAME = "$(TARGET_NAME)";
				TARGETED_DEVICE_FAMILY = "1,2";
				TEST_TARGET_NAME = DemoLog;
			};
			name = Debug;
		};
		A7BD85DA21709D2800C54BDB /* Release */ = {
			isa = XCBuildConfiguration;
			buildSettings = {
				CODE_SIGN_STYLE = Automatic;
				INFOPLIST_FILE = DemoLogUITests/Info.plist;
				LD_RUNPATH_SEARCH_PATHS = (
					"$(inherited)",
					"@executable_path/Frameworks",
					"@loader_path/Frameworks",
				);
				PRODUCT_BUNDLE_IDENTIFIER = com.byd.DemoLogUITests;
				PRODUCT_NAME = "$(TARGET_NAME)";
				TARGETED_DEVICE_FAMILY = "1,2";
				TEST_TARGET_NAME = DemoLog;
			};
			name = Release;
		};
/* End XCBuildConfiguration section */

/* Begin XCConfigurationList section */
		A7BD85A121709D2600C54BDB /* Build configuration list for PBXProject "DemoLog" */ = {
			isa = XCConfigurationList;
			buildConfigurations = (
				A7BD85D021709D2800C54BDB /* Debug */,
				A7BD85D121709D2800C54BDB /* Release */,
			);
			defaultConfigurationIsVisible = 0;
			defaultConfigurationName = Release;
		};
		A7BD85D221709D2800C54BDB /* Build configuration list for PBXNativeTarget "DemoLog" */ = {
			isa = XCConfigurationList;
			buildConfigurations = (
				A7BD85D321709D2800C54BDB /* Debug */,
				A7BD85D421709D2800C54BDB /* Release */,
			);
			defaultConfigurationIsVisible = 0;
			defaultConfigurationName = Release;
		};
		A7BD85D521709D2800C54BDB /* Build configuration list for PBXNativeTarget "DemoLogTests" */ = {
			isa = XCConfigurationList;
			buildConfigurations = (
				A7BD85D621709D2800C54BDB /* Debug */,
				A7BD85D721709D2800C54BDB /* Release */,
			);
			defaultConfigurationIsVisible = 0;
			defaultConfigurationName = Release;
		};
		A7BD85D821709D2800C54BDB /* Build configuration list for PBXNativeTarget "DemoLogUITests" */ = {
			isa = XCConfigurationList;
			buildConfigurations = (
				A7BD85D921709D2800C54BDB /* Debug */,
				A7BD85DA21709D2800C54BDB /* Release */,
			);
			defaultConfigurationIsVisible = 0;
			defaultConfigurationName = Release;
		};
/* End XCConfigurationList section */
	};
	rootObject = A7BD859E21709D2600C54BDB /* Project object */;
}
